# This file is autogenerated, do not edit; changes may be undone by the next 'dep ensure'.


[[projects]]
  name = "github.com/Masterminds/semver"
  packages = ["."]
  revision = "c7af12943936e8c39859482e61f0574c2fd7fc75"
  version = "v1.4.2"

[solve-meta]
  analyzer-name = "dep"
  analyzer-version = 1
  inputs-digest = "e31054873a1a895a457abaf5ad2ff9b4774d85bf26f7463075c823a4be05a84f"
  solver-name = "gps-cdcl"
  solver-version = 1
